// !$*UTF8*$!
{
	archiveVersion = 1;
	classes = {
	};
	objectVersion = 50;
	objects = {

/* Begin PBXBuildFile section */
		6C4D6E4C210B7AAD0006CA8C /* AppDelegate.swift in Sources */ = {isa = PBXBuildFile; fileRef = 6C4D6E4B210B7AAD0006CA8C /* AppDelegate.swift */; };
		6C4D6E4E210B7AAD0006CA8C /* ViewController.swift in Sources */ = {isa = PBXBuildFile; fileRef = 6C4D6E4D210B7AAD0006CA8C /* ViewController.swift */; };
		6C4D6E51210B7AAD0006CA8C /* Main.storyboard in Resources */ = {isa = PBXBuildFile; fileRef = 6C4D6E4F210B7AAD0006CA8C /* Main.storyboard */; };
		6C4D6E53210B7AAE0006CA8C /* Assets.xcassets in Resources */ = {isa = PBXBuildFile; fileRef = 6C4D6E52210B7AAE0006CA8C /* Assets.xcassets */; };
		6C4D6E56210B7AAE0006CA8C /* LaunchScreen.storyboard in Resources */ = {isa = PBXBuildFile; fileRef = 6C4D6E54210B7AAE0006CA8C /* LaunchScreen.storyboard */; };
/* End PBXBuildFile section */

/* Begin PBXFileReference section */
		6C4D6E48210B7AAD0006CA8C /* AppDevDarrenHayes.app */ = {isa = PBXFileReference; explicitFileType = wrapper.application; includeInIndex = 0; path = AppDevDarrenHayes.app; sourceTree = BUILT_PRODUCTS_DIR; };
		6C4D6E4B210B7AAD0006CA8C /* AppDelegate.swift */ = {isa = PBXFileReference; lastKnownFileType = sourcecode.swift; path = AppDelegate.swift; sourceTree = "<group>"; };
		6C4D6E4D210B7AAD0006CA8C /* ViewController.swift */ = {isa = PBXFileReference; lastKnownFileType = sourcecode.swift; path = ViewController.swift; sourceTree = "<group>"; };
		6C4D6E50210B7AAD0006CA8C /* Base */ = {isa = PBXFileReference; lastKnownFileType = file.storyboard; name = Base; path = Base.lproj/Main.storyboard; sourceTree = "<group>"; };
		6C4D6E52210B7AAE0006CA8C /* Assets.xcassets */ = {isa = PBXFileReference; lastKnownFileType = folder.assetcatalog; path = Assets.xcassets; sourceTree = "<group>"; };
		6C4D6E55210B7AAE0006CA8C /* Base */ = {isa = PBXFileReference; lastKnownFileType = file.storyboard; name = Base; path = Base.lproj/LaunchScreen.storyboard; sourceTree = "<group>"; };
		6C4D6E57210B7AAE0006CA8C /* Info.plist */ = {isa = PBXFileReference; lastKnownFileType = text.plist.xml; path = Info.plist; sourceTree = "<group>"; };
/* End PBXFileReference section */

/* Begin PBXFrameworksBuildPhase section */
		6C4D6E45210B7AAD0006CA8C /* Frameworks */ = {
			isa = PBXFrameworksBuildPhase;
			buildActionMask = 2147483647;
			files = (
			);
			runOnlyForDeploymentPostprocessing = 0;
		};
/* End PBXFrameworksBuildPhase section */

/* Begin PBXGroup section */
		6C4D6E3F210B7AAD0006CA8C = {
			isa = PBXGroup;
			children = (
				6C4D6E4A210B7AAD0006CA8C /* AppDevDarrenHayes */,
				6C4D6E49210B7AAD0006CA8C /* Products */,
			);
			sourceTree = "<group>";
		};
		6C4D6E49210B7AAD0006CA8C /* Products */ = {
			isa = PBXGroup;
			children = (
				6C4D6E48210B7AAD0006CA8C /* AppDevDarrenHayes.app */,
			);
			name = Products;
			sourceTree = "<group>";
		};
		6C4D6E4A210B7AAD0006CA8C /* AppDevDarrenHayes */ = {
			isa = PBXGroup;
			children = (
				6C4D6E4B210B7AAD0006CA8C /* AppDelegate.swift */,
				6C4D6E4D210B7AAD0006CA8C /* ViewController.swift */,
				6C4D6E4F210B7AAD0006CA8C /* Main.storyboard */,
				6C4D6E52210B7AAE0006CA8C /* Assets.xcassets */,
				6C4D6E54210B7AAE0006CA8C /* LaunchScreen.storyboard */,
				6C4D6E57210B7AAE0006CA8C /* Info.plist */,
			);
			path = AppDevDarrenHayes;
			sourceTree = "<group>";
		};
/* End PBXGroup section */

/* Begin PBXNativeTarget section */
		6C4D6E47210B7AAD0006CA8C /* AppDevDarrenHayes */ = {
			isa = PBXNativeTarget;
			buildConfigurationList = 6C4D6E5A210B7AAE0006CA8C /* Build configuration list for PBXNativeTarget "AppDevDarrenHayes" */;
			buildPhases = (
				6C4D6E44210B7AAD0006CA8C /* Sources */,
				6C4D6E45210B7AAD0006CA8C /* Frameworks */,
				6C4D6E46210B7AAD0006CA8C /* Resources */,
			);
			buildRules = (
			);
			dependencies = (
			);
			name = AppDevDarrenHayes;
			productName = AppDevDarrenHayes;
			productReference = 6C4D6E48210B7AAD0006CA8C /* AppDevDarrenHayes.app */;
			productType = "com.apple.product-type.application";
		};
/* End PBXNativeTarget section */

/* Begin PBXProject section */
		6C4D6E40210B7AAD0006CA8C /* Project object */ = {
			isa = PBXProject;
			attributes = {
				LastSwiftUpdateCheck = 1000;
				LastUpgradeCheck = 1000;
				ORGANIZATIONNAME = Selena;
				TargetAttributes = {
					6C4D6E47210B7AAD0006CA8C = {
						CreatedOnToolsVersion = 10.0;
					};
				};
			};
			buildConfigurationList = 6C4D6E43210B7AAD0006CA8C /* Build configuration list for PBXProject "AppDevDarrenHayes" */;
			compatibilityVersion = "Xcode 9.3";
			developmentRegion = en;
			hasScannedForEncodings = 0;
			knownRegions = (
				en,
				Base,
			);
			mainGroup = 6C4D6E3F210B7AAD0006CA8C;
			productRefGroup = 6C4D6E49210B7AAD0006CA8C /* Products */;
			projectDirPath = "";
			projectRoot = "";
			targets = (
				6C4D6E47210B7AAD0006CA8C /* AppDevDarrenHayes */,
			);
		};
/* End PBXProject section */

/* Begin PBXResourcesBuildPhase section */
		6C4D6E46210B7AAD0006CA8C /* Resources */ = {
			isa = PBXResourcesBuildPhase;
			buildActionMask = 2147483647;
			files = (
				6C4D6E56210B7AAE0006CA8C /* LaunchScreen.storyboard in Resources */,
				6C4D6E53210B7AAE0006CA8C /* Assets.xcassets in Resources */,
				6C4D6E51210B7AAD0006CA8C /* Main.storyboard in Resources */,
			);
			runOnlyForDeploymentPostprocessing = 0;
		};
/* End PBXResourcesBuildPhase section */

/* Begin PBXSourcesBuildPhase section */
		6C4D6E44210B7AAD0006CA8C /* Sources */ = {
			isa = PBXSourcesBuildPhase;
			buildActionMask = 2147483647;
			files = (
				6C4D6E4E210B7AAD0006CA8C /* ViewController.swift in Sources */,
				6C4D6E4C210B7AAD0006CA8C /* AppDelegate.swift in Sources */,
			);
			runOnlyForDeploymentPostprocessing = 0;
		};
/* End PBXSourcesBuildPhase section */

/* Begin PBXVariantGroup section */
		6C4D6E4F210B7AAD0006CA8C /* Main.storyboard */ = {
			isa = PBXVariantGroup;
			children = (
				6C4D6E50210B7AAD0006CA8C /* Base */,
			);
			name = Main.storyboard;
			sourceTree = "<group>";
		};
		6C4D6E54210B7AAE0006CA8C /* LaunchScreen.storyboard */ = {
			isa = PBXVariantGroup;
			children = (
				6C4D6E55210B7AAE0006CA8C /* Base */,
			);
			name = LaunchScreen.storyboard;
			sourceTree = "<group>";
		};
/* End PBXVariantGroup section */

/* Begin XCBuildConfiguration section */
		6C4D6E58210B7AAE0006CA8C /* Debug */ = {
			isa = XCBuildConfiguration;
			buildSettings = {
				ALWAYS_SEARCH_USER_PATHS = NO;
				CLANG_ANALYZER_NONNULL = YES;
				CLANG_ANALYZER_NUMBER_OBJECT_CONVERSION = YES_AGGRESSIVE;
				CLANG_CXX_LANGUAGE_STANDARD = "gnu++14";
				CLANG_CXX_LIBRARY = "libc++";
				CLANG_ENABLE_MODULES = YES;
				CLANG_ENABLE_OBJC_ARC = YES;
				CLANG_ENABLE_OBJC_WEAK = YES;
				CLANG_WARN_BLOCK_CAPTURE_AUTORELEASING = YES;
				CLANG_WARN_BOOL_CONVERSION = YES;
				CLANG_WARN_COMMA = YES;
				CLANG_WARN_CONSTANT_CONVERSION = YES;
				CLANG_WARN_DEPRECATED_OBJC_IMPLEMENTATIONS = YES;
				CLANG_WARN_DIRECT_OBJC_ISA_USAGE = YES_ERROR;
				CLANG_WARN_DOCUMENTATION_COMMENTS = YES;
				CLANG_WARN_EMPTY_BODY = YES;
				CLANG_WARN_ENUM_CONVERSION = YES;
				CLANG_WARN_INFINITE_RECURSION = YES;
				CLANG_WARN_INT_CONVERSION = YES;
				CLANG_WARN_NON_LITERAL_NULL_CONVERSION = YES;
				CLANG_WARN_OBJC_IMPLICIT_RETAIN_SELF = YES;
				CLANG_WARN_OBJC_LITERAL_CONVERSION = YES;
				CLANG_WARN_OBJC_ROOT_CLASS = YES_ERROR;
				CLANG_WARN_RANGE_LOOP_ANALYSIS = YES;
				CLANG_WARN_STRICT_PROTOTYPES = YES;
				CLANG_WARN_SUSPICIOUS_MOVE = YES;
				CLANG_WARN_UNGUARDED_AVAILABILITY = YES_AGGRESSIVE;
				CLANG_WARN_UNREACHABLE_CODE = YES;
				CLANG_WARN__DUPLICATE_METHOD_MATCH = YES;
				CODE_SIGN_IDENTITY = "iPhone Developer";
				COPY_PHASE_STRIP = NO;
				DEBUG_INFORMATION_FORMAT = dwarf;
				ENABLE_STRICT_OBJC_MSGSEND = YES;
				ENABLE_TESTABILITY = YES;
				GCC_C_LANGUAGE_STANDARD = gnu11;
				GCC_DYNAMIC_NO_PIC = NO;
				GCC_NO_COMMON_BLOCKS = YES;
				GCC_OPTIMIZATION_LEVEL = 0;
				GCC_PREPROCESSOR_DEFINITIONS = (
					"DEBUG=1",
					"$(inherited)",
				);
				GCC_WARN_64_TO_32_BIT_CONVERSION = YES;
				GCC_WARN_ABOUT_RETURN_TYPE = YES_ERROR;
				GCC_WARN_UNDECLARED_SELECTOR = YES;
				GCC_WARN_UNINITIALIZED_AUTOS = YES_AGGRESSIVE;
				GCC_WARN_UNUSED_FUNCTION = YES;
				GCC_WARN_UNUSED_VARIABLE = YES;
				IPHONEOS_DEPLOYMENT_TARGET = 12.0;
				MTL_ENABLE_DEBUG_INFO = INCLUDE_SOURCE;
				MTL_FAST_MATH = YES;
				ONLY_ACTIVE_ARCH = YES;
				SDKROOT = iphoneos;
				SWIFT_ACTIVE_COMPILATION_CONDITIONS = DEBUG;
				SWIFT_OPTIMIZATION_LEVEL = "-Onone";
			};
			name = Debug;
		};
		6C4D6E59210B7AAE0006CA8C /* Release */ = {
			isa = XCBuildConfiguration;
			buildSettings = {
				ALWAYS_SEARCH_USER_PATHS = NO;
				CLANG_ANALYZER_NONNULL = YES;
				CLANG_ANALYZER_NUMBER_OBJECT_CONVERSION = YES_AGGRESSIVE;
				CLANG_CXX_LANGUAGE_STANDARD = "gnu++14";
				CLANG_CXX_LIBRARY = "libc++";
				CLANG_ENABLE_MODULES = YES;
				CLANG_ENABLE_OBJC_ARC = YES;
				CLANG_ENABLE_OBJC_WEAK = YES;
				CLANG_WARN_BLOCK_CAPTURE_AUTORELEASING = YES;
				CLANG_WARN_BOOL_CONVERSION = YES;
				CLANG_WARN_COMMA = YES;
				CLANG_WARN_CONSTANT_CONVERSION = YES;
				CLANG_WARN_DEPRECATED_OBJC_IMPLEMENTATIONS = YES;
				CLANG_WARN_DIRECT_OBJC_ISA_USAGE = YES_ERROR;
				CLANG_WARN_DOCUMENTATION_COMMENTS = YES;
				CLANG_WARN_EMPTY_BODY = YES;
				CLANG_WARN_ENUM_CONVERSION = YES;
				CLANG_WARN_INFINITE_RECURSION = YES;
				CLANG_WARN_INT_CONVERSION = YES;
				CLANG_WARN_NON_LITERAL_NULL_CONVERSION = YES;
				CLANG_WARN_OBJC_IMPLICIT_RETAIN_SELF = YES;
				CLANG_WARN_OBJC_LITERAL_CONVERSION = YES;
				CLANG_WARN_OBJC_ROOT_CLASS = YES_ERROR;
				CLANG_WARN_RANGE_LOOP_ANALYSIS = YES;
				CLANG_WARN_STRICT_PROTOTYPES = YES;
				CLANG_WARN_SUSPICIOUS_MOVE = YES;
				CLANG_WARN_UNGUARDED_AVAILABILITY = YES_AGGRESSIVE;
				CLANG_WARN_UNREACHABLE_CODE = YES;
				CLANG_WARN__DUPLICATE_METHOD_MATCH = YES;
				CODE_SIGN_IDENTITY = "iPhone Developer";
				COPY_PHASE_STRIP = NO;
				DEBUG_INFORMATION_FORMAT = "dwarf-with-dsym";
				ENABLE_NS_ASSERTIONS = NO;
				ENABLE_STRICT_OBJC_MSGSEND = YES;
				GCC_C_LANGUAGE_STANDARD = gnu11;
				GCC_NO_COMMON_BLOCKS = YES;
				GCC_WARN_64_TO_32_BIT_CONVERSION = YES;
				GCC_WARN_ABOUT_RETURN_TYPE = YES_ERROR;
				GCC_WARN_UNDECLARED_SELECTOR = YES;
				GCC_WARN_UNINITIALIZED_AUTOS = YES_AGGRESSIVE;
				GCC_WARN_UNUSED_FUNCTION = YES;
				GCC_WARN_UNUSED_VARIABLE = YES;
				IPHONEOS_DEPLOYMENT_TARGET = 12.0;
				MTL_ENABLE_DEBUG_INFO = NO;
				MTL_FAST_MATH = YES;
				SDKROOT = iphoneos;
				SWIFT_COMPILATION_MODE = wholemodule;
				SWIFT_OPTIMIZATION_LEVEL = "-O";
				VALIDATE_PRODUCT = YES;
			};
			name = Release;
		};
		6C4D6E5B210B7AAE0006CA8C /* Debug */ = {
			isa = XCBuildConfiguration;
			buildSettings = {
				ASSETCATALOG_COMPILER_APPICON_NAME = AppIcon;
				CODE_SIGN_STYLE = Automatic;
				INFOPLIST_FILE = AppDevDarrenHayes/Info.plist;
				LD_RUNPATH_SEARCH_PATHS = (
					"$(inherited)",
					"@executable_path/Frameworks",
				);
				PRODUCT_BUNDLE_IDENTIFIER = net.selenac.AppDevDarrenHayes;
				PRODUCT_NAME = "$(TARGET_NAME)";
				SWIFT_VERSION = 4.2;
				TARGETED_DEVICE_FAMILY = "1,2";
			};
			name = Debug;
		};
		6C4D6E5C210B7AAE0006CA8C /* Release */ = {
			isa = XCBuildConfiguration;
			buildSettings = {
				ASSETCATALOG_COMPILER_APPICON_NAME = AppIcon;
				CODE_SIGN_STYLE = Automatic;
				INFOPLIST_FILE = AppDevDarrenHayes/Info.plist;
				LD_RUNPATH_SEARCH_PATHS = (
					"$(inherited)",
					"@executable_path/Frameworks",
				);
				PRODUCT_BUNDLE_IDENTIFIER = net.selenac.AppDevDarrenHayes;
				PRODUCT_NAME = "$(TARGET_NAME)";
				SWIFT_VERSION = 4.2;
				TARGETED_DEVICE_FAMILY = "1,2";
			};
			name = Release;
		};
/* End XCBuildConfiguration section */

/* Begin XCConfigurationList section */
		6C4D6E43210B7AAD0006CA8C /* Build configuration list for PBXProject "AppDevDarrenHayes" */ = {
			isa = XCConfigurationList;
			buildConfigurations = (
				6C4D6E58210B7AAE0006CA8C /* Debug */,
				6C4D6E59210B7AAE0006CA8C /* Release */,
			);
			defaultConfigurationIsVisible = 0;
			defaultConfigurationName = Release;
		};
		6C4D6E5A210B7AAE0006CA8C /* Build configuration list for PBXNativeTarget "AppDevDarrenHayes" */ = {
			isa = XCConfigurationList;
			buildConfigurations = (
				6C4D6E5B210B7AAE0006CA8C /* Debug */,
				6C4D6E5C210B7AAE0006CA8C /* Release */,
			);
			defaultConfigurationIsVisible = 0;
			defaultConfigurationName = Release;
		};
/* End XCConfigurationList section */
	};
	rootObject = 6C4D6E40210B7AAD0006CA8C /* Project object */;
}
